
Microsoft Visual Studio Solution File, Format Version 12.00
# Visual Studio 15
VisualStudioVersion = 15.0.28010.0
MinimumVisualStudioVersion = 10.0.40219.1
Project("{9A19103F-16F7-4668-BE54-9A1E7A4F7556}") = "HiperRestApiPackSample", "HiperRestApiPackSample\HiperRestApiPackSample.csproj", "{3DD1368C-B697-45AC-89AE-F988C41556F2}"
EndProject
Project("{9A19103F-16F7-4668-BE54-9A1E7A4F7556}") = "HiperRestApiPack", "HiperRestApiPack\HiperRestApiPack.csproj", "{EA70F5C1-7773-4932-AAB9-178D92581A91}"
EndProject
Project("{FAE04EC0-301F-11D3-BF4B-00C04F79EFBC}") = "HiperRestApiPack.Mongo", "HiperRestApiPack.Mongo\HiperRestApiPack.Mongo.csproj", "{F88A372B-CFEA-433E-8EAC-A32FD4929CD3}"
EndProject
Global
	GlobalSection(SolutionConfigurationPlatforms) = preSolution
		Debug|Any CPU = Debug|Any CPU
		Release|Any CPU = Release|Any CPU
	EndGlobalSection
	GlobalSection(ProjectConfigurationPlatforms) = postSolution
		{3DD1368C-B697-45AC-89AE-F988C41556F2}.Debug|Any CPU.ActiveCfg = Debug|Any CPU
		{3DD1368C-B697-45AC-89AE-F988C41556F2}.Debug|Any CPU.Build.0 = Debug|Any CPU
		{3DD1368C-B697-45AC-89AE-F988C41556F2}.Release|Any CPU.ActiveCfg = Release|Any CPU
		{3DD1368C-B697-45AC-89AE-F988C41556F2}.Release|Any CPU.Build.0 = Release|Any CPU
		{EA70F5C1-7773-4932-AAB9-178D92581A91}.Debug|Any CPU.ActiveCfg = Debug|Any CPU
		{EA70F5C1-7773-4932-AAB9-178D92581A91}.Debug|Any CPU.Build.0 = Debug|Any CPU
		{EA70F5C1-7773-4932-AAB9-178D92581A91}.Release|Any CPU.ActiveCfg = Release|Any CPU
		{EA70F5C1-7773-4932-AAB9-178D92581A91}.Release|Any CPU.Build.0 = Release|Any CPU
		{F88A372B-CFEA-433E-8EAC-A32FD4929CD3}.Debug|Any CPU.ActiveCfg = Debug|Any CPU
		{F88A372B-CFEA-433E-8EAC-A32FD4929CD3}.Debug|Any CPU.Build.0 = Debug|Any CPU
		{F88A372B-CFEA-433E-8EAC-A32FD4929CD3}.Release|Any CPU.ActiveCfg = Release|Any CPU
		{F88A372B-CFEA-433E-8EAC-A32FD4929CD3}.Release|Any CPU.Build.0 = Release|Any CPU
	EndGlobalSection
	GlobalSection(SolutionProperties) = preSolution
		HideSolutionNode = FALSE
	EndGlobalSection
	GlobalSection(ExtensibilityGlobals) = postSolution
		SolutionGuid = {9BD45772-CA6C-4888-A1AB-9D011A1FC63D}
	EndGlobalSection
EndGlobal
