
Microsoft Visual Studio Solution File, Format Version 12.00
# Visual Studio Version 16
VisualStudioVersion = 16.0.29613.14
MinimumVisualStudioVersion = 10.0.40219.1
Project("{9A19103F-16F7-4668-BE54-9A1E7A4F7556}") = "HiperRestApiPack", "HiperRestApiPack\HiperRestApiPack.csproj", "{EA70F5C1-7773-4932-AAB9-178D92581A91}"
EndProject
Project("{9A19103F-16F7-4668-BE54-9A1E7A4F7556}") = "HiperRestApiPack.Mongo", "HiperRestApiPack.Mongo\HiperRestApiPack.Mongo.csproj", "{F88A372B-CFEA-433E-8EAC-A32FD4929CD3}"
EndProject
Project("{9A19103F-16F7-4668-BE54-9A1E7A4F7556}") = "HiperRestApiPack.EF", "HiperRestApiPack.EF\HiperRestApiPack.EF.csproj", "{FD8B856C-9314-47B3-A5AC-A1B7156F281E}"
EndProject
Project("{9A19103F-16F7-4668-BE54-9A1E7A4F7556}") = "HiperRestApiPackSample", "HiperRestApiPackSample\HiperRestApiPackSample.csproj", "{7F240087-FBC1-4669-95D2-08D3840AF10F}"
EndProject
Project("{9A19103F-16F7-4668-BE54-9A1E7A4F7556}") = "HiperRestApiPack.MySql", "HiperRestApiPack.MySql\HiperRestApiPack.MySql.csproj", "{EEE82E74-884F-4881-8294-AAA4B504CEE7}"
EndProject
Global
	GlobalSection(SolutionConfigurationPlatforms) = preSolution
		Debug|Any CPU = Debug|Any CPU
		Release|Any CPU = Release|Any CPU
	EndGlobalSection
	GlobalSection(ProjectConfigurationPlatforms) = postSolution
		{EA70F5C1-7773-4932-AAB9-178D92581A91}.Debug|Any CPU.ActiveCfg = Debug|Any CPU
		{EA70F5C1-7773-4932-AAB9-178D92581A91}.Debug|Any CPU.Build.0 = Debug|Any CPU
		{EA70F5C1-7773-4932-AAB9-178D92581A91}.Release|Any CPU.ActiveCfg = Release|Any CPU
		{EA70F5C1-7773-4932-AAB9-178D92581A91}.Release|Any CPU.Build.0 = Release|Any CPU
		{F88A372B-CFEA-433E-8EAC-A32FD4929CD3}.Debug|Any CPU.ActiveCfg = Debug|Any CPU
		{F88A372B-CFEA-433E-8EAC-A32FD4929CD3}.Debug|Any CPU.Build.0 = Debug|Any CPU
		{F88A372B-CFEA-433E-8EAC-A32FD4929CD3}.Release|Any CPU.ActiveCfg = Release|Any CPU
		{F88A372B-CFEA-433E-8EAC-A32FD4929CD3}.Release|Any CPU.Build.0 = Release|Any CPU
		{FD8B856C-9314-47B3-A5AC-A1B7156F281E}.Debug|Any CPU.ActiveCfg = Debug|Any CPU
		{FD8B856C-9314-47B3-A5AC-A1B7156F281E}.Debug|Any CPU.Build.0 = Debug|Any CPU
		{FD8B856C-9314-47B3-A5AC-A1B7156F281E}.Release|Any CPU.ActiveCfg = Release|Any CPU
		{FD8B856C-9314-47B3-A5AC-A1B7156F281E}.Release|Any CPU.Build.0 = Release|Any CPU
		{7F240087-FBC1-4669-95D2-08D3840AF10F}.Debug|Any CPU.ActiveCfg = Debug|Any CPU
		{7F240087-FBC1-4669-95D2-08D3840AF10F}.Debug|Any CPU.Build.0 = Debug|Any CPU
		{7F240087-FBC1-4669-95D2-08D3840AF10F}.Release|Any CPU.ActiveCfg = Release|Any CPU
		{7F240087-FBC1-4669-95D2-08D3840AF10F}.Release|Any CPU.Build.0 = Release|Any CPU
		{EEE82E74-884F-4881-8294-AAA4B504CEE7}.Debug|Any CPU.ActiveCfg = Debug|Any CPU
		{EEE82E74-884F-4881-8294-AAA4B504CEE7}.Debug|Any CPU.Build.0 = Debug|Any CPU
		{EEE82E74-884F-4881-8294-AAA4B504CEE7}.Release|Any CPU.ActiveCfg = Release|Any CPU
		{EEE82E74-884F-4881-8294-AAA4B504CEE7}.Release|Any CPU.Build.0 = Release|Any CPU
	EndGlobalSection
	GlobalSection(SolutionProperties) = preSolution
		HideSolutionNode = FALSE
	EndGlobalSection
	GlobalSection(ExtensibilityGlobals) = postSolution
		SolutionGuid = {9BD45772-CA6C-4888-A1AB-9D011A1FC63D}
	EndGlobalSection
EndGlobal
